
Microsoft Visual Studio Solution File, Format Version 12.00
# Visual Studio 15
VisualStudioVersion = 15.0.28307.1209
MinimumVisualStudioVersion = 10.0.40219.1
Project("{FAE04EC0-301F-11D3-BF4B-00C04F79EFBC}") = "StudentApp", "StudentApp\StudentApp.csproj", "{6DC42794-A56E-41CB-81A6-56980C9A5BEA}"
EndProject
Global
	GlobalSection(SolutionConfigurationPlatforms) = preSolution
		Debug|Any CPU = Debug|Any CPU
		Release|Any CPU = Release|Any CPU
	EndGlobalSection
	GlobalSection(ProjectConfigurationPlatforms) = postSolution
		{6DC42794-A56E-41CB-81A6-56980C9A5BEA}.Debug|Any CPU.ActiveCfg = Debug|Any CPU
		{6DC42794-A56E-41CB-81A6-56980C9A5BEA}.Debug|Any CPU.Build.0 = Debug|Any CPU
		{6DC42794-A56E-41CB-81A6-56980C9A5BEA}.Release|Any CPU.ActiveCfg = Release|Any CPU
		{6DC42794-A56E-41CB-81A6-56980C9A5BEA}.Release|Any CPU.Build.0 = Release|Any CPU
	EndGlobalSection
	GlobalSection(SolutionProperties) = preSolution
		HideSolutionNode = FALSE
	EndGlobalSection
	GlobalSection(ExtensibilityGlobals) = postSolution
		SolutionGuid = {2AC6592E-E285-4AD7-8A25-D50955F91B1B}
	EndGlobalSection
EndGlobal
